
Microsoft Visual Studio Solution File, Format Version 12.00
# Visual Studio 2012
Project("{FAE04EC0-301F-11D3-BF4B-00C04F79EFBC}") = "Tchr", "Tchr\Tchr.csproj", "{2C1886CB-42C0-4A50-B2CA-CB4CC4200616}"
EndProject
Project("{FAE04EC0-301F-11D3-BF4B-00C04F79EFBC}") = "Tchr.Tests", "Tchr.Tests\Tchr.Tests.csproj", "{DF869779-7FA1-431E-8FB2-66612B885A24}"
EndProject
Global
	GlobalSection(SolutionConfigurationPlatforms) = preSolution
		Debug|Any CPU = Debug|Any CPU
		Release|Any CPU = Release|Any CPU
	EndGlobalSection
	GlobalSection(ProjectConfigurationPlatforms) = postSolution
		{2C1886CB-42C0-4A50-B2CA-CB4CC4200616}.Debug|Any CPU.ActiveCfg = Debug|Any CPU
		{2C1886CB-42C0-4A50-B2CA-CB4CC4200616}.Debug|Any CPU.Build.0 = Debug|Any CPU
		{2C1886CB-42C0-4A50-B2CA-CB4CC4200616}.Release|Any CPU.ActiveCfg = Release|Any CPU
		{2C1886CB-42C0-4A50-B2CA-CB4CC4200616}.Release|Any CPU.Build.0 = Release|Any CPU
		{DF869779-7FA1-431E-8FB2-66612B885A24}.Debug|Any CPU.ActiveCfg = Debug|Any CPU
		{DF869779-7FA1-431E-8FB2-66612B885A24}.Debug|Any CPU.Build.0 = Debug|Any CPU
		{DF869779-7FA1-431E-8FB2-66612B885A24}.Release|Any CPU.ActiveCfg = Release|Any CPU
		{DF869779-7FA1-431E-8FB2-66612B885A24}.Release|Any CPU.Build.0 = Release|Any CPU
	EndGlobalSection
EndGlobal
